
Microsoft Visual Studio Solution File, Format Version 12.00
# Visual Studio 2013
VisualStudioVersion = 12.0.21005.1
MinimumVisualStudioVersion = 10.0.40219.1
Project("{FAE04EC0-301F-11D3-BF4B-00C04F79EFBC}") = "Quicksort", "Quicksort\Quicksort.csproj", "{07647C9E-67A0-40D6-966A-7EC4EC27B0EE}"
EndProject
Project("{FAE04EC0-301F-11D3-BF4B-00C04F79EFBC}") = "QuicksortTest", "QuicksortTest\QuicksortTest.csproj", "{4DBB47C4-D995-48BD-8D14-1BAAA7071754}"
EndProject
Global
	GlobalSection(SolutionConfigurationPlatforms) = preSolution
		Debug|Any CPU = Debug|Any CPU
		Release|Any CPU = Release|Any CPU
	EndGlobalSection
	GlobalSection(ProjectConfigurationPlatforms) = postSolution
		{07647C9E-67A0-40D6-966A-7EC4EC27B0EE}.Debug|Any CPU.ActiveCfg = Debug|Any CPU
		{07647C9E-67A0-40D6-966A-7EC4EC27B0EE}.Debug|Any CPU.Build.0 = Debug|Any CPU
		{07647C9E-67A0-40D6-966A-7EC4EC27B0EE}.Release|Any CPU.ActiveCfg = Release|Any CPU
		{07647C9E-67A0-40D6-966A-7EC4EC27B0EE}.Release|Any CPU.Build.0 = Release|Any CPU
		{4DBB47C4-D995-48BD-8D14-1BAAA7071754}.Debug|Any CPU.ActiveCfg = Debug|Any CPU
		{4DBB47C4-D995-48BD-8D14-1BAAA7071754}.Debug|Any CPU.Build.0 = Debug|Any CPU
		{4DBB47C4-D995-48BD-8D14-1BAAA7071754}.Release|Any CPU.ActiveCfg = Release|Any CPU
		{4DBB47C4-D995-48BD-8D14-1BAAA7071754}.Release|Any CPU.Build.0 = Release|Any CPU
	EndGlobalSection
	GlobalSection(SolutionProperties) = preSolution
		HideSolutionNode = FALSE
	EndGlobalSection
EndGlobal
